PODS:
  - AEXML (4.0.1)
  - Alamofire (4.2.0)
  - AlamofireXMLRPC (2.1.0):
    - AEXML
    - Alamofire
  - PathKit (0.7.0)
  - SwiftyTimer (2.0.0)

DEPENDENCIES:
  - AlamofireXMLRPC (from `https://github.com/kodlian/AlamofireXMLRPC.git`)
  - PathKit
  - SwiftyTimer

EXTERNAL SOURCES:
  AlamofireXMLRPC:
    :git: https://github.com/kodlian/AlamofireXMLRPC.git

CHECKOUT OPTIONS:
  AlamofireXMLRPC:
    :commit: e00482d6e468a3e3d2834f552ec5c71e251f2b3f
    :git: https://github.com/kodlian/AlamofireXMLRPC.git

SPEC CHECKSUMS:
  AEXML: 905e50474c0a261d335aa8be4ee32d22d69b6fd5
  Alamofire: aa2e09d871c9160ac53c90e83c68064a94e3dfbe
  AlamofireXMLRPC: 9ac52fb02b61c854b762b825759995cdda91cb20
  PathKit: f8260c3e41bf4d552f3603853e32a5b325a176d4
  SwiftyTimer: 2efd74b060d69ad4f1496baf5bbedbe132125fcf

PODFILE CHECKSUM: d8338acc91368b481727704dfced21abf04243ca

COCOAPODS: 1.1.1
